
Microsoft Visual Studio Solution File, Format Version 12.00
# Visual Studio 15
VisualStudioVersion = 15.0.27130.2036
MinimumVisualStudioVersion = 10.0.40219.1
Project("{8BC9CEB8-8B4A-11D0-8D11-00A0C91BC942}") = "ProbTreinoF1", "ProbTreinoF1.vcxproj", "{8E8C9733-56FD-49DF-9DDB-7C0318E9087E}"
EndProject
Global
	GlobalSection(SolutionConfigurationPlatforms) = preSolution
		Debug|Win32 = Debug|Win32
		Release|Win32 = Release|Win32
	EndGlobalSection
	GlobalSection(ProjectConfigurationPlatforms) = postSolution
		{8E8C9733-56FD-49DF-9DDB-7C0318E9087E}.Debug|Win32.ActiveCfg = Debug|Win32
		{8E8C9733-56FD-49DF-9DDB-7C0318E9087E}.Debug|Win32.Build.0 = Debug|Win32
		{8E8C9733-56FD-49DF-9DDB-7C0318E9087E}.Release|Win32.ActiveCfg = Release|Win32
		{8E8C9733-56FD-49DF-9DDB-7C0318E9087E}.Release|Win32.Build.0 = Release|Win32
	EndGlobalSection
	GlobalSection(SolutionProperties) = preSolution
		HideSolutionNode = FALSE
	EndGlobalSection
	GlobalSection(ExtensibilityGlobals) = postSolution
		SolutionGuid = {92A7DA29-F129-470E-B584-F4739D19CD62}
	EndGlobalSection
EndGlobal
