
Microsoft Visual Studio Solution File, Format Version 12.00
# Visual Studio 15
VisualStudioVersion = 15.0.27130.2036
MinimumVisualStudioVersion = 10.0.40219.1
Project("{8BC9CEB8-8B4A-11D0-8D11-00A0C91BC942}") = "TestPerfCounter", "TestPerfCounter.vcxproj", "{331539EA-50FF-4B96-874E-DDD032F2EB1E}"
EndProject
Global
	GlobalSection(SolutionConfigurationPlatforms) = preSolution
		Debug|Win32 = Debug|Win32
		Release|Win32 = Release|Win32
	EndGlobalSection
	GlobalSection(ProjectConfigurationPlatforms) = postSolution
		{331539EA-50FF-4B96-874E-DDD032F2EB1E}.Debug|Win32.ActiveCfg = Debug|Win32
		{331539EA-50FF-4B96-874E-DDD032F2EB1E}.Debug|Win32.Build.0 = Debug|Win32
		{331539EA-50FF-4B96-874E-DDD032F2EB1E}.Release|Win32.ActiveCfg = Release|Win32
		{331539EA-50FF-4B96-874E-DDD032F2EB1E}.Release|Win32.Build.0 = Release|Win32
	EndGlobalSection
	GlobalSection(SolutionProperties) = preSolution
		HideSolutionNode = FALSE
	EndGlobalSection
	GlobalSection(ExtensibilityGlobals) = postSolution
		SolutionGuid = {974637B2-ED40-4611-B948-FAAC4B00CE1F}
	EndGlobalSection
EndGlobal
